
Microsoft Visual Studio Solution File, Format Version 12.00
# Visual Studio Version 17
VisualStudioVersion = 17.8.34309.116
MinimumVisualStudioVersion = 10.0.40219.1
Project("{FAE04EC0-301F-11D3-BF4B-00C04F79EFBC}") = "ejercicio7", "ejercicio7\ejercicio7.csproj", "{6D1340CC-720C-4630-BCEF-5CCE2917E008}"
EndProject
Global
	GlobalSection(SolutionConfigurationPlatforms) = preSolution
		Debug|Any CPU = Debug|Any CPU
		Release|Any CPU = Release|Any CPU
	EndGlobalSection
	GlobalSection(ProjectConfigurationPlatforms) = postSolution
		{6D1340CC-720C-4630-BCEF-5CCE2917E008}.Debug|Any CPU.ActiveCfg = Debug|Any CPU
		{6D1340CC-720C-4630-BCEF-5CCE2917E008}.Debug|Any CPU.Build.0 = Debug|Any CPU
		{6D1340CC-720C-4630-BCEF-5CCE2917E008}.Release|Any CPU.ActiveCfg = Release|Any CPU
		{6D1340CC-720C-4630-BCEF-5CCE2917E008}.Release|Any CPU.Build.0 = Release|Any CPU
	EndGlobalSection
	GlobalSection(SolutionProperties) = preSolution
		HideSolutionNode = FALSE
	EndGlobalSection
	GlobalSection(ExtensibilityGlobals) = postSolution
		SolutionGuid = {68E025DB-F756-4799-B085-43B36C403CAE}
	EndGlobalSection
EndGlobal
