
Microsoft Visual Studio Solution File, Format Version 12.00
# Visual Studio Version 17
VisualStudioVersion = 17.8.34309.116
MinimumVisualStudioVersion = 10.0.40219.1
Project("{FAE04EC0-301F-11D3-BF4B-00C04F79EFBC}") = "ejercicio3", "ejercicio3\ejercicio3.csproj", "{64548F04-D7BD-44C4-B232-C7C32A9D84EE}"
EndProject
Global
	GlobalSection(SolutionConfigurationPlatforms) = preSolution
		Debug|Any CPU = Debug|Any CPU
		Release|Any CPU = Release|Any CPU
	EndGlobalSection
	GlobalSection(ProjectConfigurationPlatforms) = postSolution
		{64548F04-D7BD-44C4-B232-C7C32A9D84EE}.Debug|Any CPU.ActiveCfg = Debug|Any CPU
		{64548F04-D7BD-44C4-B232-C7C32A9D84EE}.Debug|Any CPU.Build.0 = Debug|Any CPU
		{64548F04-D7BD-44C4-B232-C7C32A9D84EE}.Release|Any CPU.ActiveCfg = Release|Any CPU
		{64548F04-D7BD-44C4-B232-C7C32A9D84EE}.Release|Any CPU.Build.0 = Release|Any CPU
	EndGlobalSection
	GlobalSection(SolutionProperties) = preSolution
		HideSolutionNode = FALSE
	EndGlobalSection
	GlobalSection(ExtensibilityGlobals) = postSolution
		SolutionGuid = {F715C8A3-6B7A-47BB-BCC3-72B35585FB29}
	EndGlobalSection
EndGlobal
